
Microsoft Visual Studio Solution File, Format Version 12.00
# Visual Studio Version 17
VisualStudioVersion = 17.6.33815.320
MinimumVisualStudioVersion = 10.0.40219.1
Project("{FAE04EC0-301F-11D3-BF4B-00C04F79EFBC}") = "movie-base", "movie-base\movie-base.csproj", "{0F336B18-339A-45F1-A2FB-C89C993AB52C}"
EndProject
Global
	GlobalSection(SolutionConfigurationPlatforms) = preSolution
		Debug|Any CPU = Debug|Any CPU
		Release|Any CPU = Release|Any CPU
	EndGlobalSection
	GlobalSection(ProjectConfigurationPlatforms) = postSolution
		{0F336B18-339A-45F1-A2FB-C89C993AB52C}.Debug|Any CPU.ActiveCfg = Debug|Any CPU
		{0F336B18-339A-45F1-A2FB-C89C993AB52C}.Debug|Any CPU.Build.0 = Debug|Any CPU
		{0F336B18-339A-45F1-A2FB-C89C993AB52C}.Release|Any CPU.ActiveCfg = Release|Any CPU
		{0F336B18-339A-45F1-A2FB-C89C993AB52C}.Release|Any CPU.Build.0 = Release|Any CPU
	EndGlobalSection
	GlobalSection(SolutionProperties) = preSolution
		HideSolutionNode = FALSE
	EndGlobalSection
	GlobalSection(ExtensibilityGlobals) = postSolution
		SolutionGuid = {CA7FFD9E-1137-4203-8C47-ED458B56A77B}
	EndGlobalSection
EndGlobal
